
Microsoft Visual Studio Solution File, Format Version 12.00
# Visual Studio Version 16
VisualStudioVersion = 16.0.30503.244
MinimumVisualStudioVersion = 10.0.40219.1
Project("{FAE04EC0-301F-11D3-BF4B-00C04F79EFBC}") = "SpeechModulo4", "SpeechModulo4\SpeechModulo4.csproj", "{D084D019-BBFC-422E-9053-CBE8F143F674}"
EndProject
Global
	GlobalSection(SolutionConfigurationPlatforms) = preSolution
		Debug|Any CPU = Debug|Any CPU
		Release|Any CPU = Release|Any CPU
	EndGlobalSection
	GlobalSection(ProjectConfigurationPlatforms) = postSolution
		{D084D019-BBFC-422E-9053-CBE8F143F674}.Debug|Any CPU.ActiveCfg = Debug|Any CPU
		{D084D019-BBFC-422E-9053-CBE8F143F674}.Debug|Any CPU.Build.0 = Debug|Any CPU
		{D084D019-BBFC-422E-9053-CBE8F143F674}.Release|Any CPU.ActiveCfg = Release|Any CPU
		{D084D019-BBFC-422E-9053-CBE8F143F674}.Release|Any CPU.Build.0 = Release|Any CPU
	EndGlobalSection
	GlobalSection(SolutionProperties) = preSolution
		HideSolutionNode = FALSE
	EndGlobalSection
	GlobalSection(ExtensibilityGlobals) = postSolution
		SolutionGuid = {49CE45AE-6FA3-48D5-9652-6AE361716AE2}
	EndGlobalSection
EndGlobal
